
Microsoft Visual Studio Solution File, Format Version 12.00
# Visual Studio Version 17
VisualStudioVersion = 17.4.33205.214
MinimumVisualStudioVersion = 10.0.40219.1
Project("{FAE04EC0-301F-11D3-BF4B-00C04F79EFBC}") = "BookManager", "BookManager\BookManager.csproj", "{E6F60D51-D4E1-42F3-90C9-D9CAF2FC4D2F}"
EndProject
Global
	GlobalSection(SolutionConfigurationPlatforms) = preSolution
		Debug|Any CPU = Debug|Any CPU
		Release|Any CPU = Release|Any CPU
	EndGlobalSection
	GlobalSection(ProjectConfigurationPlatforms) = postSolution
		{E6F60D51-D4E1-42F3-90C9-D9CAF2FC4D2F}.Debug|Any CPU.ActiveCfg = Debug|Any CPU
		{E6F60D51-D4E1-42F3-90C9-D9CAF2FC4D2F}.Debug|Any CPU.Build.0 = Debug|Any CPU
		{E6F60D51-D4E1-42F3-90C9-D9CAF2FC4D2F}.Release|Any CPU.ActiveCfg = Release|Any CPU
		{E6F60D51-D4E1-42F3-90C9-D9CAF2FC4D2F}.Release|Any CPU.Build.0 = Release|Any CPU
	EndGlobalSection
	GlobalSection(SolutionProperties) = preSolution
		HideSolutionNode = FALSE
	EndGlobalSection
	GlobalSection(ExtensibilityGlobals) = postSolution
		SolutionGuid = {38BBBBAE-5A06-4BC6-A6C6-5459EA7A0664}
	EndGlobalSection
EndGlobal
